// !$*UTF8*$!
{
	archiveVersion = 1;
	classes = {
	};
	objectVersion = 46;
	objects = {

/* Begin PBXBuildFile section */
		D80CCF141B0FC1E4005E90AD /* Images.xcassets in Resources */ = {isa = PBXBuildFile; fileRef = D8BB6C3E1B02FAF2005D8480 /* Images.xcassets */; };
		D82EBC161B2174C200BD7CEE /* startScreenIcon.png in Resources */ = {isa = PBXBuildFile; fileRef = D82EBC151B2174C200BD7CEE /* startScreenIcon.png */; };
		D87804ED1B05971E00AA8AF9 /* ListingDetail.swift in Sources */ = {isa = PBXBuildFile; fileRef = D87804EC1B05971E00AA8AF9 /* ListingDetail.swift */; };
		D87804EF1B05974600AA8AF9 /* CustomerReview.swift in Sources */ = {isa = PBXBuildFile; fileRef = D87804EE1B05974600AA8AF9 /* CustomerReview.swift */; };
		D87804F01B0597A300AA8AF9 /* ListingDetail.swift in Sources */ = {isa = PBXBuildFile; fileRef = D87804EC1B05971E00AA8AF9 /* ListingDetail.swift */; };
		D87804F21B0597AE00AA8AF9 /* CustomerReview.swift in Sources */ = {isa = PBXBuildFile; fileRef = D87804EE1B05974600AA8AF9 /* CustomerReview.swift */; };
		D87804F51B0670BA00AA8AF9 /* ListingReviewTableCell.swift in Sources */ = {isa = PBXBuildFile; fileRef = D87804F31B0670BA00AA8AF9 /* ListingReviewTableCell.swift */; };
		D87804F61B0670BA00AA8AF9 /* ListingReviewTableCell.xib in Resources */ = {isa = PBXBuildFile; fileRef = D87804F41B0670BA00AA8AF9 /* ListingReviewTableCell.xib */; };
		D87804F71B0671D500AA8AF9 /* ListingReviewTableCell.swift in Sources */ = {isa = PBXBuildFile; fileRef = D87804F31B0670BA00AA8AF9 /* ListingReviewTableCell.swift */; };
		D87804F91B06E9BE00AA8AF9 /* ListingWebViewController.swift in Sources */ = {isa = PBXBuildFile; fileRef = D87804F81B06E9BE00AA8AF9 /* ListingWebViewController.swift */; };
		D87804FB1B06EE1600AA8AF9 /* ListingReviewController.swift in Sources */ = {isa = PBXBuildFile; fileRef = D87804FA1B06EE1600AA8AF9 /* ListingReviewController.swift */; };
		D87804FD1B06EE2900AA8AF9 /* ListingImageDisplayController.swift in Sources */ = {isa = PBXBuildFile; fileRef = D87804FC1B06EE2900AA8AF9 /* ListingImageDisplayController.swift */; };
		D8BB6BBD1B02F8F8005D8480 /* ScouteeTests.swift in Sources */ = {isa = PBXBuildFile; fileRef = D8BB6BBC1B02F8F8005D8480 /* ScouteeTests.swift */; };
		D8BB6BDD1B02F9EE005D8480 /* Scoutee WatchKit App.app in Resources */ = {isa = PBXBuildFile; fileRef = D8BB6BDC1B02F9EE005D8480 /* Scoutee WatchKit App.app */; };
		D8BB6BEA1B02F9EE005D8480 /* Scoutee WatchKit Extension.appex in Embed App Extensions */ = {isa = PBXBuildFile; fileRef = D8BB6BD21B02F9EE005D8480 /* Scoutee WatchKit Extension.appex */; settings = {ATTRIBUTES = (RemoveHeadersOnCopy, ); }; };
		D8BB6C031B02FA6A005D8480 /* ListingTableCell.xib in Resources */ = {isa = PBXBuildFile; fileRef = D8BB6BF21B02FA6A005D8480 /* ListingTableCell.xib */; };
		D8BB6C041B02FA6A005D8480 /* ListingDetailViewController.swift in Sources */ = {isa = PBXBuildFile; fileRef = D8BB6BF31B02FA6A005D8480 /* ListingDetailViewController.swift */; };
		D8BB6C051B02FA6A005D8480 /* CategoryCollectionCell.xib in Resources */ = {isa = PBXBuildFile; fileRef = D8BB6BF41B02FA6A005D8480 /* CategoryCollectionCell.xib */; };
		D8BB6C071B02FA6A005D8480 /* ListingPhotoCell.xib in Resources */ = {isa = PBXBuildFile; fileRef = D8BB6BF61B02FA6A005D8480 /* ListingPhotoCell.xib */; };
		D8BB6C081B02FA6A005D8480 /* ListingPhotoCell.swift in Sources */ = {isa = PBXBuildFile; fileRef = D8BB6BF71B02FA6A005D8480 /* ListingPhotoCell.swift */; };
		D8BB6C091B02FA6A005D8480 /* SearchResultsListController.swift in Sources */ = {isa = PBXBuildFile; fileRef = D8BB6BF81B02FA6A005D8480 /* SearchResultsListController.swift */; };
		D8BB6C0A1B02FA6A005D8480 /* MainViewController.swift in Sources */ = {isa = PBXBuildFile; fileRef = D8BB6BF91B02FA6A005D8480 /* MainViewController.swift */; };
		D8BB6C0B1B02FA6A005D8480 /* CategoryToggleCell.xib in Resources */ = {isa = PBXBuildFile; fileRef = D8BB6BFA1B02FA6A005D8480 /* CategoryToggleCell.xib */; };
		D8BB6C0C1B02FA6A005D8480 /* ListingOptionTableCell.xib in Resources */ = {isa = PBXBuildFile; fileRef = D8BB6BFB1B02FA6A005D8480 /* ListingOptionTableCell.xib */; };
		D8BB6C0D1B02FA6A005D8480 /* ListingTableCell.swift in Sources */ = {isa = PBXBuildFile; fileRef = D8BB6BFC1B02FA6A005D8480 /* ListingTableCell.swift */; };
		D8BB6C0E1B02FA6A005D8480 /* CategoryCollectionCell.swift in Sources */ = {isa = PBXBuildFile; fileRef = D8BB6BFD1B02FA6A005D8480 /* CategoryCollectionCell.swift */; };
		D8BB6C0F1B02FA6A005D8480 /* CategoryToggleCell.swift in Sources */ = {isa = PBXBuildFile; fileRef = D8BB6BFE1B02FA6A005D8480 /* CategoryToggleCell.swift */; };
		D8BB6C101B02FA6A005D8480 /* AppDelegate.swift in Sources */ = {isa = PBXBuildFile; fileRef = D8BB6BFF1B02FA6A005D8480 /* AppDelegate.swift */; };
		D8BB6C121B02FA6A005D8480 /* DistanceSettingCell.xib in Resources */ = {isa = PBXBuildFile; fileRef = D8BB6C021B02FA6A005D8480 /* DistanceSettingCell.xib */; };
		D8BB6C151B02FA7E005D8480 /* LocationPinAnnotation.swift in Sources */ = {isa = PBXBuildFile; fileRef = D8BB6C131B02FA7E005D8480 /* LocationPinAnnotation.swift */; };
		D8BB6C161B02FA7E005D8480 /* ListingOptionTableCell.swift in Sources */ = {isa = PBXBuildFile; fileRef = D8BB6C141B02FA7E005D8480 /* ListingOptionTableCell.swift */; };
		D8BB6C281B02FAC0005D8480 /* Images.xcassets in Resources */ = {isa = PBXBuildFile; fileRef = D8BB6C171B02FAC0005D8480 /* Images.xcassets */; };
		D8BB6C291B02FAC0005D8480 /* PlaceFinder.swift in Sources */ = {isa = PBXBuildFile; fileRef = D8BB6C181B02FAC0005D8480 /* PlaceFinder.swift */; };
		D8BB6C2A1B02FAC0005D8480 /* Listing.swift in Sources */ = {isa = PBXBuildFile; fileRef = D8BB6C191B02FAC0005D8480 /* Listing.swift */; };
		D8BB6C2B1B02FAC0005D8480 /* ResultsListInterfaceController.swift in Sources */ = {isa = PBXBuildFile; fileRef = D8BB6C1A1B02FAC0005D8480 /* ResultsListInterfaceController.swift */; };
		D8BB6C2C1B02FAC0005D8480 /* InterfaceController.swift in Sources */ = {isa = PBXBuildFile; fileRef = D8BB6C1B1B02FAC0005D8480 /* InterfaceController.swift */; };
		D8BB6C2D1B02FAC0005D8480 /* SubCategoriesController.swift in Sources */ = {isa = PBXBuildFile; fileRef = D8BB6C1C1B02FAC0005D8480 /* SubCategoriesController.swift */; };
		D8BB6C2E1B02FAC0005D8480 /* ErrorInfoController.swift in Sources */ = {isa = PBXBuildFile; fileRef = D8BB6C1D1B02FAC0005D8480 /* ErrorInfoController.swift */; };
		D8BB6C2F1B02FAC0005D8480 /* MiscUtil.swift in Sources */ = {isa = PBXBuildFile; fileRef = D8BB6C1E1B02FAC0005D8480 /* MiscUtil.swift */; };
		D8BB6C301B02FAC0005D8480 /* ListingDetailController.swift in Sources */ = {isa = PBXBuildFile; fileRef = D8BB6C1F1B02FAC0005D8480 /* ListingDetailController.swift */; };
		D8BB6C311B02FAC0005D8480 /* LocationQuery.swift in Sources */ = {isa = PBXBuildFile; fileRef = D8BB6C201B02FAC0005D8480 /* LocationQuery.swift */; };
		D8BB6C321B02FAC0005D8480 /* ColorExtensions.swift in Sources */ = {isa = PBXBuildFile; fileRef = D8BB6C211B02FAC0005D8480 /* ColorExtensions.swift */; };
		D8BB6C331B02FAC0005D8480 /* ResultTableRowController.swift in Sources */ = {isa = PBXBuildFile; fileRef = D8BB6C221B02FAC0005D8480 /* ResultTableRowController.swift */; };
		D8BB6C341B02FAC0005D8480 /* Category.swift in Sources */ = {isa = PBXBuildFile; fileRef = D8BB6C231B02FAC0005D8480 /* Category.swift */; };
		D8BB6C381B02FAC0005D8480 /* ListingDetails.swift in Sources */ = {isa = PBXBuildFile; fileRef = D8BB6C271B02FAC0005D8480 /* ListingDetails.swift */; };
		D8BB6C3B1B02FAD1005D8480 /* NotificationController.swift in Sources */ = {isa = PBXBuildFile; fileRef = D8BB6C391B02FAD1005D8480 /* NotificationController.swift */; };
		D8BB6C3C1B02FAD1005D8480 /* PushNotificationPayload.apns in Resources */ = {isa = PBXBuildFile; fileRef = D8BB6C3A1B02FAD1005D8480 /* PushNotificationPayload.apns */; };
		D8BB6C401B02FAF2005D8480 /* CatData.json in Resources */ = {isa = PBXBuildFile; fileRef = D8BB6C3D1B02FAF2005D8480 /* CatData.json */; };
		D8BB6C411B02FAF2005D8480 /* Images.xcassets in Resources */ = {isa = PBXBuildFile; fileRef = D8BB6C3E1B02FAF2005D8480 /* Images.xcassets */; };
		D8BB6C9B1B02FF4E005D8480 /* ColorExtensions.swift in Sources */ = {isa = PBXBuildFile; fileRef = D8BB6C211B02FAC0005D8480 /* ColorExtensions.swift */; };
		D8BB6C9C1B02FF4E005D8480 /* PlaceFinder.swift in Sources */ = {isa = PBXBuildFile; fileRef = D8BB6C181B02FAC0005D8480 /* PlaceFinder.swift */; };
		D8BB6C9D1B02FF4E005D8480 /* LocationQuery.swift in Sources */ = {isa = PBXBuildFile; fileRef = D8BB6C201B02FAC0005D8480 /* LocationQuery.swift */; };
		D8BB6C9E1B02FF4E005D8480 /* MiscUtil.swift in Sources */ = {isa = PBXBuildFile; fileRef = D8BB6C1E1B02FAC0005D8480 /* MiscUtil.swift */; };
		D8BB6C9F1B02FF52005D8480 /* Category.swift in Sources */ = {isa = PBXBuildFile; fileRef = D8BB6C231B02FAC0005D8480 /* Category.swift */; };
		D8BB6CA01B02FF52005D8480 /* Listing.swift in Sources */ = {isa = PBXBuildFile; fileRef = D8BB6C191B02FAC0005D8480 /* Listing.swift */; };
		D8BB6CA71B0300FB005D8480 /* Main.storyboard in Resources */ = {isa = PBXBuildFile; fileRef = D8BB6CA51B0300FB005D8480 /* Main.storyboard */; };
		D8BB6CA81B0300FB005D8480 /* LaunchScreen.xib in Resources */ = {isa = PBXBuildFile; fileRef = D8BB6CA61B0300FB005D8480 /* LaunchScreen.xib */; };
		D8BB6CA91B03017D005D8480 /* CatData.json in Resources */ = {isa = PBXBuildFile; fileRef = D8BB6C3D1B02FAF2005D8480 /* CatData.json */; };
		D8BB6CAA1B03017E005D8480 /* CatData.json in Resources */ = {isa = PBXBuildFile; fileRef = D8BB6C3D1B02FAF2005D8480 /* CatData.json */; };
		D8BB6CAF1B030337005D8480 /* Images.xcassets in Resources */ = {isa = PBXBuildFile; fileRef = D8BB6CAE1B030337005D8480 /* Images.xcassets */; };
		D8BB6CB11B030378005D8480 /* CoreLocation.framework in Frameworks */ = {isa = PBXBuildFile; fileRef = D8BB6CB01B030378005D8480 /* CoreLocation.framework */; };
		D8BB6CB31B0308E7005D8480 /* MapKit.framework in Frameworks */ = {isa = PBXBuildFile; fileRef = D8BB6CB21B0308E7005D8480 /* MapKit.framework */; };
		D8BB6CB41B0308EF005D8480 /* CoreLocation.framework in Frameworks */ = {isa = PBXBuildFile; fileRef = D8BB6CB01B030378005D8480 /* CoreLocation.framework */; };
		D8BB6CB61B0309DC005D8480 /* Images.xcassets in Resources */ = {isa = PBXBuildFile; fileRef = D8BB6C3E1B02FAF2005D8480 /* Images.xcassets */; };
		D8BB6CC41B030E48005D8480 /* Interface.storyboard in Resources */ = {isa = PBXBuildFile; fileRef = D8BB6CC21B030E48005D8480 /* Interface.storyboard */; };
		D8BB6CC51B030E48005D8480 /* Interface.storyboard in Resources */ = {isa = PBXBuildFile; fileRef = D8BB6CC21B030E48005D8480 /* Interface.storyboard */; };
		D8BB6CC61B030E48005D8480 /* Interface.storyboard in Resources */ = {isa = PBXBuildFile; fileRef = D8BB6CC21B030E48005D8480 /* Interface.storyboard */; };
		D8BB6CC71B030E48005D8480 /* Interface.storyboard in Resources */ = {isa = PBXBuildFile; fileRef = D8BB6CC21B030E48005D8480 /* Interface.storyboard */; };
		D8BB6CC81B030E7E005D8480 /* CategoryTableRowController.swift in Sources */ = {isa = PBXBuildFile; fileRef = D8BB6C241B02FAC0005D8480 /* CategoryTableRowController.swift */; };
		D8BB6CC91B030E7F005D8480 /* CategoryTableRowController.swift in Sources */ = {isa = PBXBuildFile; fileRef = D8BB6C241B02FAC0005D8480 /* CategoryTableRowController.swift */; };
		D8F5D1B11B0C373500CC18E8 /* Images.xcassets in Resources */ = {isa = PBXBuildFile; fileRef = D8BB6CAE1B030337005D8480 /* Images.xcassets */; };
		D8F5D1B21B0C373600CC18E8 /* Images.xcassets in Resources */ = {isa = PBXBuildFile; fileRef = D8BB6CAE1B030337005D8480 /* Images.xcassets */; };
/* End PBXBuildFile section */

/* Begin PBXContainerItemProxy section */
		D8BB6BB71B02F8F8005D8480 /* PBXContainerItemProxy */ = {
			isa = PBXContainerItemProxy;
			containerPortal = D8BB6B991B02F8F8005D8480 /* Project object */;
			proxyType = 1;
			remoteGlobalIDString = D8BB6BA01B02F8F8005D8480;
			remoteInfo = Scoutee;
		};
		D8BB6BDE1B02F9EE005D8480 /* PBXContainerItemProxy */ = {
			isa = PBXContainerItemProxy;
			containerPortal = D8BB6B991B02F8F8005D8480 /* Project object */;
			proxyType = 1;
			remoteGlobalIDString = D8BB6BDB1B02F9EE005D8480;
			remoteInfo = "Scoutee WatchKit App";
		};
		D8BB6BE81B02F9EE005D8480 /* PBXContainerItemProxy */ = {
			isa = PBXContainerItemProxy;
			containerPortal = D8BB6B991B02F8F8005D8480 /* Project object */;
			proxyType = 1;
			remoteGlobalIDString = D8BB6BD11B02F9EE005D8480;
			remoteInfo = "Scoutee WatchKit Extension";
		};
/* End PBXContainerItemProxy section */

/* Begin PBXCopyFilesBuildPhase section */
		D8BB6BF11B02F9EE005D8480 /* Embed App Extensions */ = {
			isa = PBXCopyFilesBuildPhase;
			buildActionMask = 2147483647;
			dstPath = "";
			dstSubfolderSpec = 13;
			files = (
				D8BB6BEA1B02F9EE005D8480 /* Scoutee WatchKit Extension.appex in Embed App Extensions */,
			);
			name = "Embed App Extensions";
			runOnlyForDeploymentPostprocessing = 0;
		};
/* End PBXCopyFilesBuildPhase section */

/* Begin PBXFileReference section */
		D82EBC151B2174C200BD7CEE /* startScreenIcon.png */ = {isa = PBXFileReference; lastKnownFileType = image.png; path = startScreenIcon.png; sourceTree = "<group>"; };
		D87804EC1B05971E00AA8AF9 /* ListingDetail.swift */ = {isa = PBXFileReference; fileEncoding = 4; lastKnownFileType = sourcecode.swift; path = ListingDetail.swift; sourceTree = "<group>"; };
		D87804EE1B05974600AA8AF9 /* CustomerReview.swift */ = {isa = PBXFileReference; fileEncoding = 4; lastKnownFileType = sourcecode.swift; path = CustomerReview.swift; sourceTree = "<group>"; };
		D87804F31B0670BA00AA8AF9 /* ListingReviewTableCell.swift */ = {isa = PBXFileReference; fileEncoding = 4; lastKnownFileType = sourcecode.swift; path = ListingReviewTableCell.swift; sourceTree = "<group>"; };
		D87804F41B0670BA00AA8AF9 /* ListingReviewTableCell.xib */ = {isa = PBXFileReference; fileEncoding = 4; lastKnownFileType = file.xib; path = ListingReviewTableCell.xib; sourceTree = "<group>"; };
		D87804F81B06E9BE00AA8AF9 /* ListingWebViewController.swift */ = {isa = PBXFileReference; fileEncoding = 4; lastKnownFileType = sourcecode.swift; path = ListingWebViewController.swift; sourceTree = "<group>"; };
		D87804FA1B06EE1600AA8AF9 /* ListingReviewController.swift */ = {isa = PBXFileReference; fileEncoding = 4; lastKnownFileType = sourcecode.swift; path = ListingReviewController.swift; sourceTree = "<group>"; };
		D87804FC1B06EE2900AA8AF9 /* ListingImageDisplayController.swift */ = {isa = PBXFileReference; fileEncoding = 4; lastKnownFileType = sourcecode.swift; path = ListingImageDisplayController.swift; sourceTree = "<group>"; };
		D8BB6BA11B02F8F8005D8480 /* Scoutee.app */ = {isa = PBXFileReference; explicitFileType = wrapper.application; includeInIndex = 0; path = Scoutee.app; sourceTree = BUILT_PRODUCTS_DIR; };
		D8BB6BA51B02F8F8005D8480 /* Info.plist */ = {isa = PBXFileReference; lastKnownFileType = text.plist.xml; path = Info.plist; sourceTree = "<group>"; };
		D8BB6BB61B02F8F8005D8480 /* ScouteeTests.xctest */ = {isa = PBXFileReference; explicitFileType = wrapper.cfbundle; includeInIndex = 0; path = ScouteeTests.xctest; sourceTree = BUILT_PRODUCTS_DIR; };
		D8BB6BBB1B02F8F8005D8480 /* Info.plist */ = {isa = PBXFileReference; lastKnownFileType = text.plist.xml; path = Info.plist; sourceTree = "<group>"; };
		D8BB6BBC1B02F8F8005D8480 /* ScouteeTests.swift */ = {isa = PBXFileReference; lastKnownFileType = sourcecode.swift; path = ScouteeTests.swift; sourceTree = "<group>"; };
		D8BB6BD21B02F9EE005D8480 /* Scoutee WatchKit Extension.appex */ = {isa = PBXFileReference; explicitFileType = "wrapper.app-extension"; includeInIndex = 0; path = "Scoutee WatchKit Extension.appex"; sourceTree = BUILT_PRODUCTS_DIR; };
		D8BB6BD51B02F9EE005D8480 /* Info.plist */ = {isa = PBXFileReference; lastKnownFileType = text.plist.xml; path = Info.plist; sourceTree = "<group>"; };
		D8BB6BDC1B02F9EE005D8480 /* Scoutee WatchKit App.app */ = {isa = PBXFileReference; explicitFileType = wrapper.application; includeInIndex = 0; path = "Scoutee WatchKit App.app"; sourceTree = BUILT_PRODUCTS_DIR; };
		D8BB6BE21B02F9EE005D8480 /* Info.plist */ = {isa = PBXFileReference; lastKnownFileType = text.plist.xml; path = Info.plist; sourceTree = "<group>"; };
		D8BB6BF21B02FA6A005D8480 /* ListingTableCell.xib */ = {isa = PBXFileReference; fileEncoding = 4; lastKnownFileType = file.xib; path = ListingTableCell.xib; sourceTree = "<group>"; };
		D8BB6BF31B02FA6A005D8480 /* ListingDetailViewController.swift */ = {isa = PBXFileReference; fileEncoding = 4; lastKnownFileType = sourcecode.swift; path = ListingDetailViewController.swift; sourceTree = "<group>"; };
		D8BB6BF41B02FA6A005D8480 /* CategoryCollectionCell.xib */ = {isa = PBXFileReference; fileEncoding = 4; lastKnownFileType = file.xib; path = CategoryCollectionCell.xib; sourceTree = "<group>"; };
		D8BB6BF61B02FA6A005D8480 /* ListingPhotoCell.xib */ = {isa = PBXFileReference; fileEncoding = 4; lastKnownFileType = file.xib; path = ListingPhotoCell.xib; sourceTree = "<group>"; };
		D8BB6BF71B02FA6A005D8480 /* ListingPhotoCell.swift */ = {isa = PBXFileReference; fileEncoding = 4; lastKnownFileType = sourcecode.swift; path = ListingPhotoCell.swift; sourceTree = "<group>"; };
		D8BB6BF81B02FA6A005D8480 /* SearchResultsListController.swift */ = {isa = PBXFileReference; fileEncoding = 4; lastKnownFileType = sourcecode.swift; path = SearchResultsListController.swift; sourceTree = "<group>"; };
		D8BB6BF91B02FA6A005D8480 /* MainViewController.swift */ = {isa = PBXFileReference; fileEncoding = 4; lastKnownFileType = sourcecode.swift; path = MainViewController.swift; sourceTree = "<group>"; };
		D8BB6BFA1B02FA6A005D8480 /* CategoryToggleCell.xib */ = {isa = PBXFileReference; fileEncoding = 4; lastKnownFileType = file.xib; path = CategoryToggleCell.xib; sourceTree = "<group>"; };
		D8BB6BFB1B02FA6A005D8480 /* ListingOptionTableCell.xib */ = {isa = PBXFileReference; fileEncoding = 4; lastKnownFileType = file.xib; path = ListingOptionTableCell.xib; sourceTree = "<group>"; };
		D8BB6BFC1B02FA6A005D8480 /* ListingTableCell.swift */ = {isa = PBXFileReference; fileEncoding = 4; lastKnownFileType = sourcecode.swift; path = ListingTableCell.swift; sourceTree = "<group>"; };
		D8BB6BFD1B02FA6A005D8480 /* CategoryCollectionCell.swift */ = {isa = PBXFileReference; fileEncoding = 4; lastKnownFileType = sourcecode.swift; path = CategoryCollectionCell.swift; sourceTree = "<group>"; };
		D8BB6BFE1B02FA6A005D8480 /* CategoryToggleCell.swift */ = {isa = PBXFileReference; fileEncoding = 4; lastKnownFileType = sourcecode.swift; path = CategoryToggleCell.swift; sourceTree = "<group>"; };
		D8BB6BFF1B02FA6A005D8480 /* AppDelegate.swift */ = {isa = PBXFileReference; fileEncoding = 4; lastKnownFileType = sourcecode.swift; path = AppDelegate.swift; sourceTree = "<group>"; };
		D8BB6C021B02FA6A005D8480 /* DistanceSettingCell.xib */ = {isa = PBXFileReference; fileEncoding = 4; lastKnownFileType = file.xib; path = DistanceSettingCell.xib; sourceTree = "<group>"; };
		D8BB6C131B02FA7E005D8480 /* LocationPinAnnotation.swift */ = {isa = PBXFileReference; fileEncoding = 4; lastKnownFileType = sourcecode.swift; path = LocationPinAnnotation.swift; sourceTree = "<group>"; };
		D8BB6C141B02FA7E005D8480 /* ListingOptionTableCell.swift */ = {isa = PBXFileReference; fileEncoding = 4; lastKnownFileType = sourcecode.swift; path = ListingOptionTableCell.swift; sourceTree = "<group>"; };
		D8BB6C171B02FAC0005D8480 /* Images.xcassets */ = {isa = PBXFileReference; lastKnownFileType = folder.assetcatalog; path = Images.xcassets; sourceTree = "<group>"; };
		D8BB6C181B02FAC0005D8480 /* PlaceFinder.swift */ = {isa = PBXFileReference; fileEncoding = 4; lastKnownFileType = sourcecode.swift; path = PlaceFinder.swift; sourceTree = "<group>"; };
		D8BB6C191B02FAC0005D8480 /* Listing.swift */ = {isa = PBXFileReference; fileEncoding = 4; lastKnownFileType = sourcecode.swift; path = Listing.swift; sourceTree = "<group>"; };
		D8BB6C1A1B02FAC0005D8480 /* ResultsListInterfaceController.swift */ = {isa = PBXFileReference; fileEncoding = 4; lastKnownFileType = sourcecode.swift; path = ResultsListInterfaceController.swift; sourceTree = "<group>"; };
		D8BB6C1B1B02FAC0005D8480 /* InterfaceController.swift */ = {isa = PBXFileReference; fileEncoding = 4; lastKnownFileType = sourcecode.swift; path = InterfaceController.swift; sourceTree = "<group>"; };
		D8BB6C1C1B02FAC0005D8480 /* SubCategoriesController.swift */ = {isa = PBXFileReference; fileEncoding = 4; lastKnownFileType = sourcecode.swift; path = SubCategoriesController.swift; sourceTree = "<group>"; };
		D8BB6C1D1B02FAC0005D8480 /* ErrorInfoController.swift */ = {isa = PBXFileReference; fileEncoding = 4; lastKnownFileType = sourcecode.swift; path = ErrorInfoController.swift; sourceTree = "<group>"; };
		D8BB6C1E1B02FAC0005D8480 /* MiscUtil.swift */ = {isa = PBXFileReference; fileEncoding = 4; lastKnownFileType = sourcecode.swift; path = MiscUtil.swift; sourceTree = "<group>"; };
		D8BB6C1F1B02FAC0005D8480 /* ListingDetailController.swift */ = {isa = PBXFileReference; fileEncoding = 4; lastKnownFileType = sourcecode.swift; path = ListingDetailController.swift; sourceTree = "<group>"; };
		D8BB6C201B02FAC0005D8480 /* LocationQuery.swift */ = {isa = PBXFileReference; fileEncoding = 4; lastKnownFileType = sourcecode.swift; path = LocationQuery.swift; sourceTree = "<group>"; };
		D8BB6C211B02FAC0005D8480 /* ColorExtensions.swift */ = {isa = PBXFileReference; fileEncoding = 4; lastKnownFileType = sourcecode.swift; path = ColorExtensions.swift; sourceTree = "<group>"; };
		D8BB6C221B02FAC0005D8480 /* ResultTableRowController.swift */ = {isa = PBXFileReference; fileEncoding = 4; lastKnownFileType = sourcecode.swift; path = ResultTableRowController.swift; sourceTree = "<group>"; };
		D8BB6C231B02FAC0005D8480 /* Category.swift */ = {isa = PBXFileReference; fileEncoding = 4; lastKnownFileType = sourcecode.swift; path = Category.swift; sourceTree = "<group>"; };
		D8BB6C241B02FAC0005D8480 /* CategoryTableRowController.swift */ = {isa = PBXFileReference; fileEncoding = 4; lastKnownFileType = sourcecode.swift; path = CategoryTableRowController.swift; sourceTree = "<group>"; };
		D8BB6C271B02FAC0005D8480 /* ListingDetails.swift */ = {isa = PBXFileReference; fileEncoding = 4; lastKnownFileType = sourcecode.swift; path = ListingDetails.swift; sourceTree = "<group>"; };
		D8BB6C391B02FAD1005D8480 /* NotificationController.swift */ = {isa = PBXFileReference; fileEncoding = 4; lastKnownFileType = sourcecode.swift; path = NotificationController.swift; sourceTree = "<group>"; };
		D8BB6C3A1B02FAD1005D8480 /* PushNotificationPayload.apns */ = {isa = PBXFileReference; fileEncoding = 4; lastKnownFileType = text; path = PushNotificationPayload.apns; sourceTree = "<group>"; };
		D8BB6C3D1B02FAF2005D8480 /* CatData.json */ = {isa = PBXFileReference; fileEncoding = 4; lastKnownFileType = text.json; path = CatData.json; sourceTree = "<group>"; };
		D8BB6C3E1B02FAF2005D8480 /* Images.xcassets */ = {isa = PBXFileReference; lastKnownFileType = folder.assetcatalog; path = Images.xcassets; sourceTree = "<group>"; };
		D8BB6CA51B0300FB005D8480 /* Main.storyboard */ = {isa = PBXFileReference; fileEncoding = 4; lastKnownFileType = file.storyboard; path = Main.storyboard; sourceTree = "<group>"; };
		D8BB6CA61B0300FB005D8480 /* LaunchScreen.xib */ = {isa = PBXFileReference; fileEncoding = 4; lastKnownFileType = file.xib; path = LaunchScreen.xib; sourceTree = "<group>"; };
		D8BB6CAE1B030337005D8480 /* Images.xcassets */ = {isa = PBXFileReference; lastKnownFileType = folder.assetcatalog; path = Images.xcassets; sourceTree = "<group>"; };
		D8BB6CB01B030378005D8480 /* CoreLocation.framework */ = {isa = PBXFileReference; lastKnownFileType = wrapper.framework; name = CoreLocation.framework; path = System/Library/Frameworks/CoreLocation.framework; sourceTree = SDKROOT; };
		D8BB6CB21B0308E7005D8480 /* MapKit.framework */ = {isa = PBXFileReference; lastKnownFileType = wrapper.framework; name = MapKit.framework; path = System/Library/Frameworks/MapKit.framework; sourceTree = SDKROOT; };
		D8BB6CC31B030E48005D8480 /* Base */ = {isa = PBXFileReference; lastKnownFileType = file.storyboard; name = Base; path = "../../../Documents/SWIFT DEV/WatchAround copy 9/WatchAround WatchKit App/Base.lproj/Interface.storyboard"; sourceTree = "<group>"; };
/* End PBXFileReference section */

/* Begin PBXFrameworksBuildPhase section */
		D8BB6B9E1B02F8F8005D8480 /* Frameworks */ = {
			isa = PBXFrameworksBuildPhase;
			buildActionMask = 2147483647;
			files = (
				D8BB6CB11B030378005D8480 /* CoreLocation.framework in Frameworks */,
			);
			runOnlyForDeploymentPostprocessing = 0;
		};
		D8BB6BB31B02F8F8005D8480 /* Frameworks */ = {
			isa = PBXFrameworksBuildPhase;
			buildActionMask = 2147483647;
			files = (
			);
			runOnlyForDeploymentPostprocessing = 0;
		};
		D8BB6BCF1B02F9EE005D8480 /* Frameworks */ = {
			isa = PBXFrameworksBuildPhase;
			buildActionMask = 2147483647;
			files = (
				D8BB6CB41B0308EF005D8480 /* CoreLocation.framework in Frameworks */,
				D8BB6CB31B0308E7005D8480 /* MapKit.framework in Frameworks */,
			);
			runOnlyForDeploymentPostprocessing = 0;
		};
/* End PBXFrameworksBuildPhase section */

/* Begin PBXGroup section */
		D8BB6B981B02F8F8005D8480 = {
			isa = PBXGroup;
			children = (
				D8BB6CB21B0308E7005D8480 /* MapKit.framework */,
				D8BB6CB01B030378005D8480 /* CoreLocation.framework */,
				D8BB6CAE1B030337005D8480 /* Images.xcassets */,
				D82EBC151B2174C200BD7CEE /* startScreenIcon.png */,
				D8BB6BA31B02F8F8005D8480 /* Scoutee */,
				D8BB6BB91B02F8F8005D8480 /* ScouteeTests */,
				D8BB6BD31B02F9EE005D8480 /* Scoutee WatchKit Extension */,
				D8BB6BE01B02F9EE005D8480 /* Scoutee WatchKit App */,
				D8BB6BA21B02F8F8005D8480 /* Products */,
			);
			sourceTree = "<group>";
		};
		D8BB6BA21B02F8F8005D8480 /* Products */ = {
			isa = PBXGroup;
			children = (
				D8BB6BA11B02F8F8005D8480 /* Scoutee.app */,
				D8BB6BB61B02F8F8005D8480 /* ScouteeTests.xctest */,
				D8BB6BD21B02F9EE005D8480 /* Scoutee WatchKit Extension.appex */,
				D8BB6BDC1B02F9EE005D8480 /* Scoutee WatchKit App.app */,
			);
			name = Products;
			sourceTree = "<group>";
		};
		D8BB6BA31B02F8F8005D8480 /* Scoutee */ = {
			isa = PBXGroup;
			children = (
				D8BB6CA41B0300B6005D8480 /* Xibs */,
				D8BB6CA31B030012005D8480 /* CollectionCells */,
				D8BB6CA21B03000A005D8480 /* TableCells */,
				D8BB6CA11B02FFF5005D8480 /* Controllers */,
				D8BB6C131B02FA7E005D8480 /* LocationPinAnnotation.swift */,
				D8BB6BFF1B02FA6A005D8480 /* AppDelegate.swift */,
				D8BB6BA41B02F8F8005D8480 /* Supporting Files */,
			);
			path = Scoutee;
			sourceTree = "<group>";
		};
		D8BB6BA41B02F8F8005D8480 /* Supporting Files */ = {
			isa = PBXGroup;
			children = (
				D8BB6BA51B02F8F8005D8480 /* Info.plist */,
			);
			name = "Supporting Files";
			sourceTree = "<group>";
		};
		D8BB6BB91B02F8F8005D8480 /* ScouteeTests */ = {
			isa = PBXGroup;
			children = (
				D8BB6BBC1B02F8F8005D8480 /* ScouteeTests.swift */,
				D8BB6BBA1B02F8F8005D8480 /* Supporting Files */,
			);
			path = ScouteeTests;
			sourceTree = "<group>";
		};
		D8BB6BBA1B02F8F8005D8480 /* Supporting Files */ = {
			isa = PBXGroup;
			children = (
				D8BB6BBB1B02F8F8005D8480 /* Info.plist */,
			);
			name = "Supporting Files";
			sourceTree = "<group>";
		};
		D8BB6BD31B02F9EE005D8480 /* Scoutee WatchKit Extension */ = {
			isa = PBXGroup;
			children = (
				D8BB6C911B02FB96005D8480 /* DTO */,
				D8BB6C901B02FB8C005D8480 /* Common */,
				D8BB6C8F1B02FB4E005D8480 /* Controllers */,
				D8BB6C3A1B02FAD1005D8480 /* PushNotificationPayload.apns */,
				D8BB6C171B02FAC0005D8480 /* Images.xcassets */,
				D8BB6BD41B02F9EE005D8480 /* Supporting Files */,
			);
			path = "Scoutee WatchKit Extension";
			sourceTree = "<group>";
		};
		D8BB6BD41B02F9EE005D8480 /* Supporting Files */ = {
			isa = PBXGroup;
			children = (
				D8BB6BD51B02F9EE005D8480 /* Info.plist */,
			);
			name = "Supporting Files";
			sourceTree = "<group>";
		};
		D8BB6BE01B02F9EE005D8480 /* Scoutee WatchKit App */ = {
			isa = PBXGroup;
			children = (
				D8BB6CC21B030E48005D8480 /* Interface.storyboard */,
				D8BB6C3D1B02FAF2005D8480 /* CatData.json */,
				D8BB6C3E1B02FAF2005D8480 /* Images.xcassets */,
				D8BB6BE11B02F9EE005D8480 /* Supporting Files */,
			);
			path = "Scoutee WatchKit App";
			sourceTree = "<group>";
		};
		D8BB6BE11B02F9EE005D8480 /* Supporting Files */ = {
			isa = PBXGroup;
			children = (
				D8BB6BE21B02F9EE005D8480 /* Info.plist */,
			);
			name = "Supporting Files";
			sourceTree = "<group>";
		};
		D8BB6C8F1B02FB4E005D8480 /* Controllers */ = {
			isa = PBXGroup;
			children = (
				D8BB6C1A1B02FAC0005D8480 /* ResultsListInterfaceController.swift */,
				D8BB6C1C1B02FAC0005D8480 /* SubCategoriesController.swift */,
				D8BB6C391B02FAD1005D8480 /* NotificationController.swift */,
				D8BB6C221B02FAC0005D8480 /* ResultTableRowController.swift */,
				D8BB6C1D1B02FAC0005D8480 /* ErrorInfoController.swift */,
				D8BB6C1B1B02FAC0005D8480 /* InterfaceController.swift */,
				D8BB6C241B02FAC0005D8480 /* CategoryTableRowController.swift */,
				D8BB6C1F1B02FAC0005D8480 /* ListingDetailController.swift */,
				D8BB6C271B02FAC0005D8480 /* ListingDetails.swift */,
			);
			name = Controllers;
			sourceTree = "<group>";
		};
		D8BB6C901B02FB8C005D8480 /* Common */ = {
			isa = PBXGroup;
			children = (
				D8BB6C211B02FAC0005D8480 /* ColorExtensions.swift */,
				D8BB6C181B02FAC0005D8480 /* PlaceFinder.swift */,
				D8BB6C201B02FAC0005D8480 /* LocationQuery.swift */,
				D8BB6C1E1B02FAC0005D8480 /* MiscUtil.swift */,
			);
			name = Common;
			sourceTree = "<group>";
		};
		D8BB6C911B02FB96005D8480 /* DTO */ = {
			isa = PBXGroup;
			children = (
				D8BB6C231B02FAC0005D8480 /* Category.swift */,
				D8BB6C191B02FAC0005D8480 /* Listing.swift */,
				D87804EC1B05971E00AA8AF9 /* ListingDetail.swift */,
				D87804EE1B05974600AA8AF9 /* CustomerReview.swift */,
			);
			name = DTO;
			sourceTree = "<group>";
		};
		D8BB6CA11B02FFF5005D8480 /* Controllers */ = {
			isa = PBXGroup;
			children = (
				D8BB6BF31B02FA6A005D8480 /* ListingDetailViewController.swift */,
				D8BB6BF91B02FA6A005D8480 /* MainViewController.swift */,
				D8BB6BF81B02FA6A005D8480 /* SearchResultsListController.swift */,
				D87804F81B06E9BE00AA8AF9 /* ListingWebViewController.swift */,
				D87804FA1B06EE1600AA8AF9 /* ListingReviewController.swift */,
				D87804FC1B06EE2900AA8AF9 /* ListingImageDisplayController.swift */,
			);
			name = Controllers;
			sourceTree = "<group>";
		};
		D8BB6CA21B03000A005D8480 /* TableCells */ = {
			isa = PBXGroup;
			children = (
				D87804F31B0670BA00AA8AF9 /* ListingReviewTableCell.swift */,
				D87804F41B0670BA00AA8AF9 /* ListingReviewTableCell.xib */,
				D8BB6BF21B02FA6A005D8480 /* ListingTableCell.xib */,
				D8BB6BFC1B02FA6A005D8480 /* ListingTableCell.swift */,
				D8BB6BF61B02FA6A005D8480 /* ListingPhotoCell.xib */,
				D8BB6BF71B02FA6A005D8480 /* ListingPhotoCell.swift */,
				D8BB6BFA1B02FA6A005D8480 /* CategoryToggleCell.xib */,
				D8BB6BFE1B02FA6A005D8480 /* CategoryToggleCell.swift */,
				D8BB6BFB1B02FA6A005D8480 /* ListingOptionTableCell.xib */,
				D8BB6C141B02FA7E005D8480 /* ListingOptionTableCell.swift */,
				D8BB6C021B02FA6A005D8480 /* DistanceSettingCell.xib */,
			);
			name = TableCells;
			sourceTree = "<group>";
		};
		D8BB6CA31B030012005D8480 /* CollectionCells */ = {
			isa = PBXGroup;
			children = (
				D8BB6BFD1B02FA6A005D8480 /* CategoryCollectionCell.swift */,
				D8BB6BF41B02FA6A005D8480 /* CategoryCollectionCell.xib */,
			);
			name = CollectionCells;
			sourceTree = "<group>";
		};
		D8BB6CA41B0300B6005D8480 /* Xibs */ = {
			isa = PBXGroup;
			children = (
				D8BB6CA51B0300FB005D8480 /* Main.storyboard */,
				D8BB6CA61B0300FB005D8480 /* LaunchScreen.xib */,
			);
			name = Xibs;
			sourceTree = "<group>";
		};
/* End PBXGroup section */

/* Begin PBXNativeTarget section */
		D8BB6BA01B02F8F8005D8480 /* Scoutee */ = {
			isa = PBXNativeTarget;
			buildConfigurationList = D8BB6BC01B02F8F8005D8480 /* Build configuration list for PBXNativeTarget "Scoutee" */;
			buildPhases = (
				D8BB6B9D1B02F8F8005D8480 /* Sources */,
				D8BB6B9E1B02F8F8005D8480 /* Frameworks */,
				D8BB6B9F1B02F8F8005D8480 /* Resources */,
				D8BB6BF11B02F9EE005D8480 /* Embed App Extensions */,
			);
			buildRules = (
			);
			dependencies = (
				D8BB6BE91B02F9EE005D8480 /* PBXTargetDependency */,
			);
			name = Scoutee;
			productName = Scoutee;
			productReference = D8BB6BA11B02F8F8005D8480 /* Scoutee.app */;
			productType = "com.apple.product-type.application";
		};
		D8BB6BB51B02F8F8005D8480 /* ScouteeTests */ = {
			isa = PBXNativeTarget;
			buildConfigurationList = D8BB6BC31B02F8F8005D8480 /* Build configuration list for PBXNativeTarget "ScouteeTests" */;
			buildPhases = (
				D8BB6BB21B02F8F8005D8480 /* Sources */,
				D8BB6BB31B02F8F8005D8480 /* Frameworks */,
				D8BB6BB41B02F8F8005D8480 /* Resources */,
			);
			buildRules = (
			);
			dependencies = (
				D8BB6BB81B02F8F8005D8480 /* PBXTargetDependency */,
			);
			name = ScouteeTests;
			productName = ScouteeTests;
			productReference = D8BB6BB61B02F8F8005D8480 /* ScouteeTests.xctest */;
			productType = "com.apple.product-type.bundle.unit-test";
		};
		D8BB6BD11B02F9EE005D8480 /* Scoutee WatchKit Extension */ = {
			isa = PBXNativeTarget;
			buildConfigurationList = D8BB6BEE1B02F9EE005D8480 /* Build configuration list for PBXNativeTarget "Scoutee WatchKit Extension" */;
			buildPhases = (
				D8BB6BCE1B02F9EE005D8480 /* Sources */,
				D8BB6BCF1B02F9EE005D8480 /* Frameworks */,
				D8BB6BD01B02F9EE005D8480 /* Resources */,
			);
			buildRules = (
			);
			dependencies = (
				D8BB6BDF1B02F9EE005D8480 /* PBXTargetDependency */,
			);
			name = "Scoutee WatchKit Extension";
			productName = "Scoutee WatchKit Extension";
			productReference = D8BB6BD21B02F9EE005D8480 /* Scoutee WatchKit Extension.appex */;
			productType = "com.apple.product-type.watchkit-extension";
		};
		D8BB6BDB1B02F9EE005D8480 /* Scoutee WatchKit App */ = {
			isa = PBXNativeTarget;
			buildConfigurationList = D8BB6BEB1B02F9EE005D8480 /* Build configuration list for PBXNativeTarget "Scoutee WatchKit App" */;
			buildPhases = (
				D8BB6BDA1B02F9EE005D8480 /* Resources */,
			);
			buildRules = (
			);
			dependencies = (
			);
			name = "Scoutee WatchKit App";
			productName = "Scoutee WatchKit App";
			productReference = D8BB6BDC1B02F9EE005D8480 /* Scoutee WatchKit App.app */;
			productType = "com.apple.product-type.application.watchapp";
		};
/* End PBXNativeTarget section */

/* Begin PBXProject section */
		D8BB6B991B02F8F8005D8480 /* Project object */ = {
			isa = PBXProject;
			attributes = {
				LastUpgradeCheck = 0630;
				ORGANIZATIONNAME = "srikanth cuddapah";
				TargetAttributes = {
					D8BB6BA01B02F8F8005D8480 = {
						CreatedOnToolsVersion = 6.3.1;
						DevelopmentTeam = 2FSRHMEYB6;
					};
					D8BB6BB51B02F8F8005D8480 = {
						CreatedOnToolsVersion = 6.3.1;
						TestTargetID = D8BB6BA01B02F8F8005D8480;
					};
					D8BB6BD11B02F9EE005D8480 = {
						CreatedOnToolsVersion = 6.3.1;
						DevelopmentTeam = 2FSRHMEYB6;
					};
					D8BB6BDB1B02F9EE005D8480 = {
						CreatedOnToolsVersion = 6.3.1;
						DevelopmentTeam = 2FSRHMEYB6;
					};
				};
			};
			buildConfigurationList = D8BB6B9C1B02F8F8005D8480 /* Build configuration list for PBXProject "Scoutee" */;
			compatibilityVersion = "Xcode 3.2";
			developmentRegion = English;
			hasScannedForEncodings = 0;
			knownRegions = (
				en,
				Base,
			);
			mainGroup = D8BB6B981B02F8F8005D8480;
			productRefGroup = D8BB6BA21B02F8F8005D8480 /* Products */;
			projectDirPath = "";
			projectRoot = "";
			targets = (
				D8BB6BA01B02F8F8005D8480 /* Scoutee */,
				D8BB6BB51B02F8F8005D8480 /* ScouteeTests */,
				D8BB6BD11B02F9EE005D8480 /* Scoutee WatchKit Extension */,
				D8BB6BDB1B02F9EE005D8480 /* Scoutee WatchKit App */,
			);
		};
/* End PBXProject section */

/* Begin PBXResourcesBuildPhase section */
		D8BB6B9F1B02F8F8005D8480 /* Resources */ = {
			isa = PBXResourcesBuildPhase;
			buildActionMask = 2147483647;
			files = (
				D8BB6C121B02FA6A005D8480 /* DistanceSettingCell.xib in Resources */,
				D8BB6C071B02FA6A005D8480 /* ListingPhotoCell.xib in Resources */,
				D8BB6CA71B0300FB005D8480 /* Main.storyboard in Resources */,
				D80CCF141B0FC1E4005E90AD /* Images.xcassets in Resources */,
				D8BB6CC41B030E48005D8480 /* Interface.storyboard in Resources */,
				D8BB6CAF1B030337005D8480 /* Images.xcassets in Resources */,
				D8BB6CA91B03017D005D8480 /* CatData.json in Resources */,
				D8BB6C031B02FA6A005D8480 /* ListingTableCell.xib in Resources */,
				D87804F61B0670BA00AA8AF9 /* ListingReviewTableCell.xib in Resources */,
				D82EBC161B2174C200BD7CEE /* startScreenIcon.png in Resources */,
				D8BB6C0B1B02FA6A005D8480 /* CategoryToggleCell.xib in Resources */,
				D8BB6C0C1B02FA6A005D8480 /* ListingOptionTableCell.xib in Resources */,
				D8BB6CA81B0300FB005D8480 /* LaunchScreen.xib in Resources */,
				D8BB6C051B02FA6A005D8480 /* CategoryCollectionCell.xib in Resources */,
			);
			runOnlyForDeploymentPostprocessing = 0;
		};
		D8BB6BB41B02F8F8005D8480 /* Resources */ = {
			isa = PBXResourcesBuildPhase;
			buildActionMask = 2147483647;
			files = (
				D8BB6CC51B030E48005D8480 /* Interface.storyboard in Resources */,
			);
			runOnlyForDeploymentPostprocessing = 0;
		};
		D8BB6BD01B02F9EE005D8480 /* Resources */ = {
			isa = PBXResourcesBuildPhase;
			buildActionMask = 2147483647;
			files = (
				D8F5D1B21B0C373600CC18E8 /* Images.xcassets in Resources */,
				D8BB6BDD1B02F9EE005D8480 /* Scoutee WatchKit App.app in Resources */,
				D8BB6CB61B0309DC005D8480 /* Images.xcassets in Resources */,
				D8BB6CAA1B03017E005D8480 /* CatData.json in Resources */,
				D8BB6C281B02FAC0005D8480 /* Images.xcassets in Resources */,
				D8BB6CC61B030E48005D8480 /* Interface.storyboard in Resources */,
				D8BB6C3C1B02FAD1005D8480 /* PushNotificationPayload.apns in Resources */,
			);
			runOnlyForDeploymentPostprocessing = 0;
		};
		D8BB6BDA1B02F9EE005D8480 /* Resources */ = {
			isa = PBXResourcesBuildPhase;
			buildActionMask = 2147483647;
			files = (
				D8BB6C401B02FAF2005D8480 /* CatData.json in Resources */,
				D8F5D1B11B0C373500CC18E8 /* Images.xcassets in Resources */,
				D8BB6CC71B030E48005D8480 /* Interface.storyboard in Resources */,
				D8BB6C411B02FAF2005D8480 /* Images.xcassets in Resources */,
			);
			runOnlyForDeploymentPostprocessing = 0;
		};
/* End PBXResourcesBuildPhase section */

/* Begin PBXSourcesBuildPhase section */
		D8BB6B9D1B02F8F8005D8480 /* Sources */ = {
			isa = PBXSourcesBuildPhase;
			buildActionMask = 2147483647;
			files = (
				D8BB6C9C1B02FF4E005D8480 /* PlaceFinder.swift in Sources */,
				D8BB6C101B02FA6A005D8480 /* AppDelegate.swift in Sources */,
				D8BB6C041B02FA6A005D8480 /* ListingDetailViewController.swift in Sources */,
				D8BB6C081B02FA6A005D8480 /* ListingPhotoCell.swift in Sources */,
				D8BB6C0D1B02FA6A005D8480 /* ListingTableCell.swift in Sources */,
				D8BB6C0E1B02FA6A005D8480 /* CategoryCollectionCell.swift in Sources */,
				D8BB6CC81B030E7E005D8480 /* CategoryTableRowController.swift in Sources */,
				D87804F21B0597AE00AA8AF9 /* CustomerReview.swift in Sources */,
				D8BB6C9E1B02FF4E005D8480 /* MiscUtil.swift in Sources */,
				D87804F91B06E9BE00AA8AF9 /* ListingWebViewController.swift in Sources */,
				D8BB6C091B02FA6A005D8480 /* SearchResultsListController.swift in Sources */,
				D87804FD1B06EE2900AA8AF9 /* ListingImageDisplayController.swift in Sources */,
				D8BB6C9D1B02FF4E005D8480 /* LocationQuery.swift in Sources */,
				D87804F51B0670BA00AA8AF9 /* ListingReviewTableCell.swift in Sources */,
				D8BB6C161B02FA7E005D8480 /* ListingOptionTableCell.swift in Sources */,
				D87804F01B0597A300AA8AF9 /* ListingDetail.swift in Sources */,
				D8BB6C9F1B02FF52005D8480 /* Category.swift in Sources */,
				D8BB6C151B02FA7E005D8480 /* LocationPinAnnotation.swift in Sources */,
				D8BB6CA01B02FF52005D8480 /* Listing.swift in Sources */,
				D87804FB1B06EE1600AA8AF9 /* ListingReviewController.swift in Sources */,
				D8BB6C0A1B02FA6A005D8480 /* MainViewController.swift in Sources */,
				D8BB6C0F1B02FA6A005D8480 /* CategoryToggleCell.swift in Sources */,
				D8BB6C9B1B02FF4E005D8480 /* ColorExtensions.swift in Sources */,
			);
			runOnlyForDeploymentPostprocessing = 0;
		};
		D8BB6BB21B02F8F8005D8480 /* Sources */ = {
			isa = PBXSourcesBuildPhase;
			buildActionMask = 2147483647;
			files = (
				D8BB6BBD1B02F8F8005D8480 /* ScouteeTests.swift in Sources */,
			);
			runOnlyForDeploymentPostprocessing = 0;
		};
		D8BB6BCE1B02F9EE005D8480 /* Sources */ = {
			isa = PBXSourcesBuildPhase;
			buildActionMask = 2147483647;
			files = (
				D8BB6C3B1B02FAD1005D8480 /* NotificationController.swift in Sources */,
				D8BB6C2B1B02FAC0005D8480 /* ResultsListInterfaceController.swift in Sources */,
				D8BB6C321B02FAC0005D8480 /* ColorExtensions.swift in Sources */,
				D8BB6C301B02FAC0005D8480 /* ListingDetailController.swift in Sources */,
				D8BB6C311B02FAC0005D8480 /* LocationQuery.swift in Sources */,
				D8BB6C2C1B02FAC0005D8480 /* InterfaceController.swift in Sources */,
				D8BB6CC91B030E7F005D8480 /* CategoryTableRowController.swift in Sources */,
				D8BB6C2F1B02FAC0005D8480 /* MiscUtil.swift in Sources */,
				D8BB6C331B02FAC0005D8480 /* ResultTableRowController.swift in Sources */,
				D87804F71B0671D500AA8AF9 /* ListingReviewTableCell.swift in Sources */,
				D8BB6C2A1B02FAC0005D8480 /* Listing.swift in Sources */,
				D8BB6C291B02FAC0005D8480 /* PlaceFinder.swift in Sources */,
				D87804ED1B05971E00AA8AF9 /* ListingDetail.swift in Sources */,
				D87804EF1B05974600AA8AF9 /* CustomerReview.swift in Sources */,
				D8BB6C2E1B02FAC0005D8480 /* ErrorInfoController.swift in Sources */,
				D8BB6C381B02FAC0005D8480 /* ListingDetails.swift in Sources */,
				D8BB6C2D1B02FAC0005D8480 /* SubCategoriesController.swift in Sources */,
				D8BB6C341B02FAC0005D8480 /* Category.swift in Sources */,
			);
			runOnlyForDeploymentPostprocessing = 0;
		};
/* End PBXSourcesBuildPhase section */

/* Begin PBXTargetDependency section */
		D8BB6BB81B02F8F8005D8480 /* PBXTargetDependency */ = {
			isa = PBXTargetDependency;
			target = D8BB6BA01B02F8F8005D8480 /* Scoutee */;
			targetProxy = D8BB6BB71B02F8F8005D8480 /* PBXContainerItemProxy */;
		};
		D8BB6BDF1B02F9EE005D8480 /* PBXTargetDependency */ = {
			isa = PBXTargetDependency;
			target = D8BB6BDB1B02F9EE005D8480 /* Scoutee WatchKit App */;
			targetProxy = D8BB6BDE1B02F9EE005D8480 /* PBXContainerItemProxy */;
		};
		D8BB6BE91B02F9EE005D8480 /* PBXTargetDependency */ = {
			isa = PBXTargetDependency;
			target = D8BB6BD11B02F9EE005D8480 /* Scoutee WatchKit Extension */;
			targetProxy = D8BB6BE81B02F9EE005D8480 /* PBXContainerItemProxy */;
		};
/* End PBXTargetDependency section */

/* Begin PBXVariantGroup section */
		D8BB6CC21B030E48005D8480 /* Interface.storyboard */ = {
			isa = PBXVariantGroup;
			children = (
				D8BB6CC31B030E48005D8480 /* Base */,
			);
			name = Interface.storyboard;
			sourceTree = "<group>";
		};
/* End PBXVariantGroup section */

/* Begin XCBuildConfiguration section */
		D8BB6BBE1B02F8F8005D8480 /* Debug */ = {
			isa = XCBuildConfiguration;
			buildSettings = {
				ALWAYS_SEARCH_USER_PATHS = NO;
				CLANG_CXX_LANGUAGE_STANDARD = "gnu++0x";
				CLANG_CXX_LIBRARY = "libc++";
				CLANG_ENABLE_MODULES = YES;
				CLANG_ENABLE_OBJC_ARC = YES;
				CLANG_WARN_BOOL_CONVERSION = YES;
				CLANG_WARN_CONSTANT_CONVERSION = YES;
				CLANG_WARN_DIRECT_OBJC_ISA_USAGE = YES_ERROR;
				CLANG_WARN_EMPTY_BODY = YES;
				CLANG_WARN_ENUM_CONVERSION = YES;
				CLANG_WARN_INT_CONVERSION = YES;
				CLANG_WARN_OBJC_ROOT_CLASS = YES_ERROR;
				CLANG_WARN_UNREACHABLE_CODE = YES;
				CLANG_WARN__DUPLICATE_METHOD_MATCH = YES;
				"CODE_SIGN_IDENTITY[sdk=iphoneos*]" = "iPhone Developer";
				COPY_PHASE_STRIP = NO;
				DEBUG_INFORMATION_FORMAT = "dwarf-with-dsym";
				ENABLE_STRICT_OBJC_MSGSEND = YES;
				GCC_C_LANGUAGE_STANDARD = gnu99;
				GCC_DYNAMIC_NO_PIC = NO;
				GCC_NO_COMMON_BLOCKS = YES;
				GCC_OPTIMIZATION_LEVEL = 0;
				GCC_PREPROCESSOR_DEFINITIONS = (
					"DEBUG=1",
					"$(inherited)",
				);
				GCC_SYMBOLS_PRIVATE_EXTERN = NO;
				GCC_WARN_64_TO_32_BIT_CONVERSION = YES;
				GCC_WARN_ABOUT_RETURN_TYPE = YES_ERROR;
				GCC_WARN_UNDECLARED_SELECTOR = YES;
				GCC_WARN_UNINITIALIZED_AUTOS = YES_AGGRESSIVE;
				GCC_WARN_UNUSED_FUNCTION = YES;
				GCC_WARN_UNUSED_VARIABLE = YES;
				IPHONEOS_DEPLOYMENT_TARGET = 8.3;
				MTL_ENABLE_DEBUG_INFO = YES;
				ONLY_ACTIVE_ARCH = YES;
				SDKROOT = iphoneos;
				SWIFT_OPTIMIZATION_LEVEL = "-Onone";
			};
			name = Debug;
		};
		D8BB6BBF1B02F8F8005D8480 /* Release */ = {
			isa = XCBuildConfiguration;
			buildSettings = {
				ALWAYS_SEARCH_USER_PATHS = NO;
				CLANG_CXX_LANGUAGE_STANDARD = "gnu++0x";
				CLANG_CXX_LIBRARY = "libc++";
				CLANG_ENABLE_MODULES = YES;
				CLANG_ENABLE_OBJC_ARC = YES;
				CLANG_WARN_BOOL_CONVERSION = YES;
				CLANG_WARN_CONSTANT_CONVERSION = YES;
				CLANG_WARN_DIRECT_OBJC_ISA_USAGE = YES_ERROR;
				CLANG_WARN_EMPTY_BODY = YES;
				CLANG_WARN_ENUM_CONVERSION = YES;
				CLANG_WARN_INT_CONVERSION = YES;
				CLANG_WARN_OBJC_ROOT_CLASS = YES_ERROR;
				CLANG_WARN_UNREACHABLE_CODE = YES;
				CLANG_WARN__DUPLICATE_METHOD_MATCH = YES;
				"CODE_SIGN_IDENTITY[sdk=iphoneos*]" = "iPhone Developer";
				COPY_PHASE_STRIP = NO;
				DEBUG_INFORMATION_FORMAT = "dwarf-with-dsym";
				ENABLE_NS_ASSERTIONS = NO;
				ENABLE_STRICT_OBJC_MSGSEND = YES;
				GCC_C_LANGUAGE_STANDARD = gnu99;
				GCC_NO_COMMON_BLOCKS = YES;
				GCC_WARN_64_TO_32_BIT_CONVERSION = YES;
				GCC_WARN_ABOUT_RETURN_TYPE = YES_ERROR;
				GCC_WARN_UNDECLARED_SELECTOR = YES;
				GCC_WARN_UNINITIALIZED_AUTOS = YES_AGGRESSIVE;
				GCC_WARN_UNUSED_FUNCTION = YES;
				GCC_WARN_UNUSED_VARIABLE = YES;
				IPHONEOS_DEPLOYMENT_TARGET = 8.3;
				MTL_ENABLE_DEBUG_INFO = NO;
				SDKROOT = iphoneos;
				VALIDATE_PRODUCT = YES;
			};
			name = Release;
		};
		D8BB6BC11B02F8F8005D8480 /* Debug */ = {
			isa = XCBuildConfiguration;
			buildSettings = {
				ASSETCATALOG_COMPILER_APPICON_NAME = AppIcon;
				ASSETCATALOG_COMPILER_LAUNCHIMAGE_NAME = LaunchImage;
				CLANG_USE_OPTIMIZATION_PROFILE = YES;
				CODE_SIGN_IDENTITY = "iPhone Developer";
				INFOPLIST_FILE = Scoutee/Info.plist;
				IPHONEOS_DEPLOYMENT_TARGET = 8.0;
				LD_RUNPATH_SEARCH_PATHS = "$(inherited) @executable_path/Frameworks";
				PRODUCT_NAME = "$(TARGET_NAME)";
				TARGETED_DEVICE_FAMILY = 1;
			};
			name = Debug;
		};
		D8BB6BC21B02F8F8005D8480 /* Release */ = {
			isa = XCBuildConfiguration;
			buildSettings = {
				ASSETCATALOG_COMPILER_APPICON_NAME = AppIcon;
				ASSETCATALOG_COMPILER_LAUNCHIMAGE_NAME = LaunchImage;
				CLANG_USE_OPTIMIZATION_PROFILE = YES;
				CODE_SIGN_IDENTITY = "iPhone Developer";
				INFOPLIST_FILE = Scoutee/Info.plist;
				IPHONEOS_DEPLOYMENT_TARGET = 8.0;
				LD_RUNPATH_SEARCH_PATHS = "$(inherited) @executable_path/Frameworks";
				PRODUCT_NAME = "$(TARGET_NAME)";
				TARGETED_DEVICE_FAMILY = 1;
			};
			name = Release;
		};
		D8BB6BC41B02F8F8005D8480 /* Debug */ = {
			isa = XCBuildConfiguration;
			buildSettings = {
				BUNDLE_LOADER = "$(TEST_HOST)";
				FRAMEWORK_SEARCH_PATHS = (
					"$(SDKROOT)/Developer/Library/Frameworks",
					"$(inherited)",
				);
				GCC_PREPROCESSOR_DEFINITIONS = (
					"DEBUG=1",
					"$(inherited)",
				);
				INFOPLIST_FILE = ScouteeTests/Info.plist;
				LD_RUNPATH_SEARCH_PATHS = "$(inherited) @executable_path/Frameworks @loader_path/Frameworks";
				PRODUCT_NAME = "$(TARGET_NAME)";
				TEST_HOST = "$(BUILT_PRODUCTS_DIR)/Scoutee.app/Scoutee";
			};
			name = Debug;
		};
		D8BB6BC51B02F8F8005D8480 /* Release */ = {
			isa = XCBuildConfiguration;
			buildSettings = {
				BUNDLE_LOADER = "$(TEST_HOST)";
				FRAMEWORK_SEARCH_PATHS = (
					"$(SDKROOT)/Developer/Library/Frameworks",
					"$(inherited)",
				);
				INFOPLIST_FILE = ScouteeTests/Info.plist;
				LD_RUNPATH_SEARCH_PATHS = "$(inherited) @executable_path/Frameworks @loader_path/Frameworks";
				PRODUCT_NAME = "$(TARGET_NAME)";
				TEST_HOST = "$(BUILT_PRODUCTS_DIR)/Scoutee.app/Scoutee";
			};
			name = Release;
		};
		D8BB6BEC1B02F9EE005D8480 /* Debug */ = {
			isa = XCBuildConfiguration;
			buildSettings = {
				ASSETCATALOG_COMPILER_APPICON_NAME = AppIconWatch;
				CODE_SIGN_IDENTITY = "iPhone Developer";
				GCC_PREPROCESSOR_DEFINITIONS = (
					"DEBUG=1",
					"$(inherited)",
				);
				IBSC_MODULE = Scoutee_WatchKit_Extension;
				INFOPLIST_FILE = "Scoutee WatchKit App/Info.plist";
				IPHONEOS_DEPLOYMENT_TARGET = 8.2;
				PRODUCT_NAME = "$(TARGET_NAME)";
				SKIP_INSTALL = YES;
				TARGETED_DEVICE_FAMILY = 4;
				"TARGETED_DEVICE_FAMILY[sdk=iphonesimulator*]" = "1,4";
			};
			name = Debug;
		};
		D8BB6BED1B02F9EE005D8480 /* Release */ = {
			isa = XCBuildConfiguration;
			buildSettings = {
				ASSETCATALOG_COMPILER_APPICON_NAME = AppIconWatch;
				CLANG_USE_OPTIMIZATION_PROFILE = YES;
				CODE_SIGN_IDENTITY = "iPhone Developer";
				IBSC_MODULE = Scoutee_WatchKit_Extension;
				INFOPLIST_FILE = "Scoutee WatchKit App/Info.plist";
				IPHONEOS_DEPLOYMENT_TARGET = 8.2;
				PRODUCT_NAME = "$(TARGET_NAME)";
				SKIP_INSTALL = YES;
				TARGETED_DEVICE_FAMILY = 4;
				"TARGETED_DEVICE_FAMILY[sdk=iphonesimulator*]" = "1,4";
			};
			name = Release;
		};
		D8BB6BEF1B02F9EE005D8480 /* Debug */ = {
			isa = XCBuildConfiguration;
			buildSettings = {
				CODE_SIGN_IDENTITY = "iPhone Developer";
				GCC_PREPROCESSOR_DEFINITIONS = (
					"DEBUG=1",
					"$(inherited)",
				);
				INFOPLIST_FILE = "Scoutee WatchKit Extension/Info.plist";
				LD_RUNPATH_SEARCH_PATHS = "$(inherited) @executable_path/Frameworks @executable_path/../../Frameworks";
				PRODUCT_NAME = "${TARGET_NAME}";
				SKIP_INSTALL = YES;
			};
			name = Debug;
		};
		D8BB6BF01B02F9EE005D8480 /* Release */ = {
			isa = XCBuildConfiguration;
			buildSettings = {
				CLANG_USE_OPTIMIZATION_PROFILE = YES;
				CODE_SIGN_IDENTITY = "iPhone Developer";
				INFOPLIST_FILE = "Scoutee WatchKit Extension/Info.plist";
				LD_RUNPATH_SEARCH_PATHS = "$(inherited) @executable_path/Frameworks @executable_path/../../Frameworks";
				PRODUCT_NAME = "${TARGET_NAME}";
				SKIP_INSTALL = YES;
			};
			name = Release;
		};
/* End XCBuildConfiguration section */

/* Begin XCConfigurationList section */
		D8BB6B9C1B02F8F8005D8480 /* Build configuration list for PBXProject "Scoutee" */ = {
			isa = XCConfigurationList;
			buildConfigurations = (
				D8BB6BBE1B02F8F8005D8480 /* Debug */,
				D8BB6BBF1B02F8F8005D8480 /* Release */,
			);
			defaultConfigurationIsVisible = 0;
			defaultConfigurationName = Release;
		};
		D8BB6BC01B02F8F8005D8480 /* Build configuration list for PBXNativeTarget "Scoutee" */ = {
			isa = XCConfigurationList;
			buildConfigurations = (
				D8BB6BC11B02F8F8005D8480 /* Debug */,
				D8BB6BC21B02F8F8005D8480 /* Release */,
			);
			defaultConfigurationIsVisible = 0;
			defaultConfigurationName = Release;
		};
		D8BB6BC31B02F8F8005D8480 /* Build configuration list for PBXNativeTarget "ScouteeTests" */ = {
			isa = XCConfigurationList;
			buildConfigurations = (
				D8BB6BC41B02F8F8005D8480 /* Debug */,
				D8BB6BC51B02F8F8005D8480 /* Release */,
			);
			defaultConfigurationIsVisible = 0;
			defaultConfigurationName = Release;
		};
		D8BB6BEB1B02F9EE005D8480 /* Build configuration list for PBXNativeTarget "Scoutee WatchKit App" */ = {
			isa = XCConfigurationList;
			buildConfigurations = (
				D8BB6BEC1B02F9EE005D8480 /* Debug */,
				D8BB6BED1B02F9EE005D8480 /* Release */,
			);
			defaultConfigurationIsVisible = 0;
			defaultConfigurationName = Release;
		};
		D8BB6BEE1B02F9EE005D8480 /* Build configuration list for PBXNativeTarget "Scoutee WatchKit Extension" */ = {
			isa = XCConfigurationList;
			buildConfigurations = (
				D8BB6BEF1B02F9EE005D8480 /* Debug */,
				D8BB6BF01B02F9EE005D8480 /* Release */,
			);
			defaultConfigurationIsVisible = 0;
			defaultConfigurationName = Release;
		};
/* End XCConfigurationList section */
	};
	rootObject = D8BB6B991B02F8F8005D8480 /* Project object */;
}
