// !$*UTF8*$!
{
	archiveVersion = 1;
	classes = {
	};
	objectVersion = 46;
	objects = {

/* Begin PBXBuildFile section */
		D8BB6BA71B02F8F8005D8480 /* AppDelegate.swift in Sources */ = {isa = PBXBuildFile; fileRef = D8BB6BA61B02F8F8005D8480 /* AppDelegate.swift */; };
		D8BB6BA91B02F8F8005D8480 /* ViewController.swift in Sources */ = {isa = PBXBuildFile; fileRef = D8BB6BA81B02F8F8005D8480 /* ViewController.swift */; };
		D8BB6BAC1B02F8F8005D8480 /* Main.storyboard in Resources */ = {isa = PBXBuildFile; fileRef = D8BB6BAA1B02F8F8005D8480 /* Main.storyboard */; };
		D8BB6BAE1B02F8F8005D8480 /* Images.xcassets in Resources */ = {isa = PBXBuildFile; fileRef = D8BB6BAD1B02F8F8005D8480 /* Images.xcassets */; };
		D8BB6BB11B02F8F8005D8480 /* LaunchScreen.xib in Resources */ = {isa = PBXBuildFile; fileRef = D8BB6BAF1B02F8F8005D8480 /* LaunchScreen.xib */; };
		D8BB6BBD1B02F8F8005D8480 /* ScouteeTests.swift in Sources */ = {isa = PBXBuildFile; fileRef = D8BB6BBC1B02F8F8005D8480 /* ScouteeTests.swift */; };
/* End PBXBuildFile section */

/* Begin PBXContainerItemProxy section */
		D8BB6BB71B02F8F8005D8480 /* PBXContainerItemProxy */ = {
			isa = PBXContainerItemProxy;
			containerPortal = D8BB6B991B02F8F8005D8480 /* Project object */;
			proxyType = 1;
			remoteGlobalIDString = D8BB6BA01B02F8F8005D8480;
			remoteInfo = Scoutee;
		};
/* End PBXContainerItemProxy section */

/* Begin PBXFileReference section */
		D8BB6BA11B02F8F8005D8480 /* Scoutee.app */ = {isa = PBXFileReference; explicitFileType = wrapper.application; includeInIndex = 0; path = Scoutee.app; sourceTree = BUILT_PRODUCTS_DIR; };
		D8BB6BA51B02F8F8005D8480 /* Info.plist */ = {isa = PBXFileReference; lastKnownFileType = text.plist.xml; path = Info.plist; sourceTree = "<group>"; };
		D8BB6BA61B02F8F8005D8480 /* AppDelegate.swift */ = {isa = PBXFileReference; lastKnownFileType = sourcecode.swift; path = AppDelegate.swift; sourceTree = "<group>"; };
		D8BB6BA81B02F8F8005D8480 /* ViewController.swift */ = {isa = PBXFileReference; lastKnownFileType = sourcecode.swift; path = ViewController.swift; sourceTree = "<group>"; };
		D8BB6BAB1B02F8F8005D8480 /* Base */ = {isa = PBXFileReference; lastKnownFileType = file.storyboard; name = Base; path = Base.lproj/Main.storyboard; sourceTree = "<group>"; };
		D8BB6BAD1B02F8F8005D8480 /* Images.xcassets */ = {isa = PBXFileReference; lastKnownFileType = folder.assetcatalog; path = Images.xcassets; sourceTree = "<group>"; };
		D8BB6BB01B02F8F8005D8480 /* Base */ = {isa = PBXFileReference; lastKnownFileType = file.xib; name = Base; path = Base.lproj/LaunchScreen.xib; sourceTree = "<group>"; };
		D8BB6BB61B02F8F8005D8480 /* ScouteeTests.xctest */ = {isa = PBXFileReference; explicitFileType = wrapper.cfbundle; includeInIndex = 0; path = ScouteeTests.xctest; sourceTree = BUILT_PRODUCTS_DIR; };
		D8BB6BBB1B02F8F8005D8480 /* Info.plist */ = {isa = PBXFileReference; lastKnownFileType = text.plist.xml; path = Info.plist; sourceTree = "<group>"; };
		D8BB6BBC1B02F8F8005D8480 /* ScouteeTests.swift */ = {isa = PBXFileReference; lastKnownFileType = sourcecode.swift; path = ScouteeTests.swift; sourceTree = "<group>"; };
/* End PBXFileReference section */

/* Begin PBXFrameworksBuildPhase section */
		D8BB6B9E1B02F8F8005D8480 /* Frameworks */ = {
			isa = PBXFrameworksBuildPhase;
			buildActionMask = 2147483647;
			files = (
			);
			runOnlyForDeploymentPostprocessing = 0;
		};
		D8BB6BB31B02F8F8005D8480 /* Frameworks */ = {
			isa = PBXFrameworksBuildPhase;
			buildActionMask = 2147483647;
			files = (
			);
			runOnlyForDeploymentPostprocessing = 0;
		};
/* End PBXFrameworksBuildPhase section */

/* Begin PBXGroup section */
		D8BB6B981B02F8F8005D8480 = {
			isa = PBXGroup;
			children = (
				D8BB6BA31B02F8F8005D8480 /* Scoutee */,
				D8BB6BB91B02F8F8005D8480 /* ScouteeTests */,
				D8BB6BA21B02F8F8005D8480 /* Products */,
			);
			sourceTree = "<group>";
		};
		D8BB6BA21B02F8F8005D8480 /* Products */ = {
			isa = PBXGroup;
			children = (
				D8BB6BA11B02F8F8005D8480 /* Scoutee.app */,
				D8BB6BB61B02F8F8005D8480 /* ScouteeTests.xctest */,
			);
			name = Products;
			sourceTree = "<group>";
		};
		D8BB6BA31B02F8F8005D8480 /* Scoutee */ = {
			isa = PBXGroup;
			children = (
				D8BB6BA61B02F8F8005D8480 /* AppDelegate.swift */,
				D8BB6BA81B02F8F8005D8480 /* ViewController.swift */,
				D8BB6BAA1B02F8F8005D8480 /* Main.storyboard */,
				D8BB6BAD1B02F8F8005D8480 /* Images.xcassets */,
				D8BB6BAF1B02F8F8005D8480 /* LaunchScreen.xib */,
				D8BB6BA41B02F8F8005D8480 /* Supporting Files */,
			);
			path = Scoutee;
			sourceTree = "<group>";
		};
		D8BB6BA41B02F8F8005D8480 /* Supporting Files */ = {
			isa = PBXGroup;
			children = (
				D8BB6BA51B02F8F8005D8480 /* Info.plist */,
			);
			name = "Supporting Files";
			sourceTree = "<group>";
		};
		D8BB6BB91B02F8F8005D8480 /* ScouteeTests */ = {
			isa = PBXGroup;
			children = (
				D8BB6BBC1B02F8F8005D8480 /* ScouteeTests.swift */,
				D8BB6BBA1B02F8F8005D8480 /* Supporting Files */,
			);
			path = ScouteeTests;
			sourceTree = "<group>";
		};
		D8BB6BBA1B02F8F8005D8480 /* Supporting Files */ = {
			isa = PBXGroup;
			children = (
				D8BB6BBB1B02F8F8005D8480 /* Info.plist */,
			);
			name = "Supporting Files";
			sourceTree = "<group>";
		};
/* End PBXGroup section */

/* Begin PBXNativeTarget section */
		D8BB6BA01B02F8F8005D8480 /* Scoutee */ = {
			isa = PBXNativeTarget;
			buildConfigurationList = D8BB6BC01B02F8F8005D8480 /* Build configuration list for PBXNativeTarget "Scoutee" */;
			buildPhases = (
				D8BB6B9D1B02F8F8005D8480 /* Sources */,
				D8BB6B9E1B02F8F8005D8480 /* Frameworks */,
				D8BB6B9F1B02F8F8005D8480 /* Resources */,
			);
			buildRules = (
			);
			dependencies = (
			);
			name = Scoutee;
			productName = Scoutee;
			productReference = D8BB6BA11B02F8F8005D8480 /* Scoutee.app */;
			productType = "com.apple.product-type.application";
		};
		D8BB6BB51B02F8F8005D8480 /* ScouteeTests */ = {
			isa = PBXNativeTarget;
			buildConfigurationList = D8BB6BC31B02F8F8005D8480 /* Build configuration list for PBXNativeTarget "ScouteeTests" */;
			buildPhases = (
				D8BB6BB21B02F8F8005D8480 /* Sources */,
				D8BB6BB31B02F8F8005D8480 /* Frameworks */,
				D8BB6BB41B02F8F8005D8480 /* Resources */,
			);
			buildRules = (
			);
			dependencies = (
				D8BB6BB81B02F8F8005D8480 /* PBXTargetDependency */,
			);
			name = ScouteeTests;
			productName = ScouteeTests;
			productReference = D8BB6BB61B02F8F8005D8480 /* ScouteeTests.xctest */;
			productType = "com.apple.product-type.bundle.unit-test";
		};
/* End PBXNativeTarget section */

/* Begin PBXProject section */
		D8BB6B991B02F8F8005D8480 /* Project object */ = {
			isa = PBXProject;
			attributes = {
				LastUpgradeCheck = 0630;
				ORGANIZATIONNAME = "srikanth cuddapah";
				TargetAttributes = {
					D8BB6BA01B02F8F8005D8480 = {
						CreatedOnToolsVersion = 6.3.1;
					};
					D8BB6BB51B02F8F8005D8480 = {
						CreatedOnToolsVersion = 6.3.1;
						TestTargetID = D8BB6BA01B02F8F8005D8480;
					};
				};
			};
			buildConfigurationList = D8BB6B9C1B02F8F8005D8480 /* Build configuration list for PBXProject "Scoutee" */;
			compatibilityVersion = "Xcode 3.2";
			developmentRegion = English;
			hasScannedForEncodings = 0;
			knownRegions = (
				en,
				Base,
			);
			mainGroup = D8BB6B981B02F8F8005D8480;
			productRefGroup = D8BB6BA21B02F8F8005D8480 /* Products */;
			projectDirPath = "";
			projectRoot = "";
			targets = (
				D8BB6BA01B02F8F8005D8480 /* Scoutee */,
				D8BB6BB51B02F8F8005D8480 /* ScouteeTests */,
			);
		};
/* End PBXProject section */

/* Begin PBXResourcesBuildPhase section */
		D8BB6B9F1B02F8F8005D8480 /* Resources */ = {
			isa = PBXResourcesBuildPhase;
			buildActionMask = 2147483647;
			files = (
				D8BB6BAC1B02F8F8005D8480 /* Main.storyboard in Resources */,
				D8BB6BB11B02F8F8005D8480 /* LaunchScreen.xib in Resources */,
				D8BB6BAE1B02F8F8005D8480 /* Images.xcassets in Resources */,
			);
			runOnlyForDeploymentPostprocessing = 0;
		};
		D8BB6BB41B02F8F8005D8480 /* Resources */ = {
			isa = PBXResourcesBuildPhase;
			buildActionMask = 2147483647;
			files = (
			);
			runOnlyForDeploymentPostprocessing = 0;
		};
/* End PBXResourcesBuildPhase section */

/* Begin PBXSourcesBuildPhase section */
		D8BB6B9D1B02F8F8005D8480 /* Sources */ = {
			isa = PBXSourcesBuildPhase;
			buildActionMask = 2147483647;
			files = (
				D8BB6BA91B02F8F8005D8480 /* ViewController.swift in Sources */,
				D8BB6BA71B02F8F8005D8480 /* AppDelegate.swift in Sources */,
			);
			runOnlyForDeploymentPostprocessing = 0;
		};
		D8BB6BB21B02F8F8005D8480 /* Sources */ = {
			isa = PBXSourcesBuildPhase;
			buildActionMask = 2147483647;
			files = (
				D8BB6BBD1B02F8F8005D8480 /* ScouteeTests.swift in Sources */,
			);
			runOnlyForDeploymentPostprocessing = 0;
		};
/* End PBXSourcesBuildPhase section */

/* Begin PBXTargetDependency section */
		D8BB6BB81B02F8F8005D8480 /* PBXTargetDependency */ = {
			isa = PBXTargetDependency;
			target = D8BB6BA01B02F8F8005D8480 /* Scoutee */;
			targetProxy = D8BB6BB71B02F8F8005D8480 /* PBXContainerItemProxy */;
		};
/* End PBXTargetDependency section */

/* Begin PBXVariantGroup section */
		D8BB6BAA1B02F8F8005D8480 /* Main.storyboard */ = {
			isa = PBXVariantGroup;
			children = (
				D8BB6BAB1B02F8F8005D8480 /* Base */,
			);
			name = Main.storyboard;
			sourceTree = "<group>";
		};
		D8BB6BAF1B02F8F8005D8480 /* LaunchScreen.xib */ = {
			isa = PBXVariantGroup;
			children = (
				D8BB6BB01B02F8F8005D8480 /* Base */,
			);
			name = LaunchScreen.xib;
			sourceTree = "<group>";
		};
/* End PBXVariantGroup section */

/* Begin XCBuildConfiguration section */
		D8BB6BBE1B02F8F8005D8480 /* Debug */ = {
			isa = XCBuildConfiguration;
			buildSettings = {
				ALWAYS_SEARCH_USER_PATHS = NO;
				CLANG_CXX_LANGUAGE_STANDARD = "gnu++0x";
				CLANG_CXX_LIBRARY = "libc++";
				CLANG_ENABLE_MODULES = YES;
				CLANG_ENABLE_OBJC_ARC = YES;
				CLANG_WARN_BOOL_CONVERSION = YES;
				CLANG_WARN_CONSTANT_CONVERSION = YES;
				CLANG_WARN_DIRECT_OBJC_ISA_USAGE = YES_ERROR;
				CLANG_WARN_EMPTY_BODY = YES;
				CLANG_WARN_ENUM_CONVERSION = YES;
				CLANG_WARN_INT_CONVERSION = YES;
				CLANG_WARN_OBJC_ROOT_CLASS = YES_ERROR;
				CLANG_WARN_UNREACHABLE_CODE = YES;
				CLANG_WARN__DUPLICATE_METHOD_MATCH = YES;
				"CODE_SIGN_IDENTITY[sdk=iphoneos*]" = "iPhone Developer";
				COPY_PHASE_STRIP = NO;
				DEBUG_INFORMATION_FORMAT = "dwarf-with-dsym";
				ENABLE_STRICT_OBJC_MSGSEND = YES;
				GCC_C_LANGUAGE_STANDARD = gnu99;
				GCC_DYNAMIC_NO_PIC = NO;
				GCC_NO_COMMON_BLOCKS = YES;
				GCC_OPTIMIZATION_LEVEL = 0;
				GCC_PREPROCESSOR_DEFINITIONS = (
					"DEBUG=1",
					"$(inherited)",
				);
				GCC_SYMBOLS_PRIVATE_EXTERN = NO;
				GCC_WARN_64_TO_32_BIT_CONVERSION = YES;
				GCC_WARN_ABOUT_RETURN_TYPE = YES_ERROR;
				GCC_WARN_UNDECLARED_SELECTOR = YES;
				GCC_WARN_UNINITIALIZED_AUTOS = YES_AGGRESSIVE;
				GCC_WARN_UNUSED_FUNCTION = YES;
				GCC_WARN_UNUSED_VARIABLE = YES;
				IPHONEOS_DEPLOYMENT_TARGET = 8.3;
				MTL_ENABLE_DEBUG_INFO = YES;
				ONLY_ACTIVE_ARCH = YES;
				SDKROOT = iphoneos;
				SWIFT_OPTIMIZATION_LEVEL = "-Onone";
			};
			name = Debug;
		};
		D8BB6BBF1B02F8F8005D8480 /* Release */ = {
			isa = XCBuildConfiguration;
			buildSettings = {
				ALWAYS_SEARCH_USER_PATHS = NO;
				CLANG_CXX_LANGUAGE_STANDARD = "gnu++0x";
				CLANG_CXX_LIBRARY = "libc++";
				CLANG_ENABLE_MODULES = YES;
				CLANG_ENABLE_OBJC_ARC = YES;
				CLANG_WARN_BOOL_CONVERSION = YES;
				CLANG_WARN_CONSTANT_CONVERSION = YES;
				CLANG_WARN_DIRECT_OBJC_ISA_USAGE = YES_ERROR;
				CLANG_WARN_EMPTY_BODY = YES;
				CLANG_WARN_ENUM_CONVERSION = YES;
				CLANG_WARN_INT_CONVERSION = YES;
				CLANG_WARN_OBJC_ROOT_CLASS = YES_ERROR;
				CLANG_WARN_UNREACHABLE_CODE = YES;
				CLANG_WARN__DUPLICATE_METHOD_MATCH = YES;
				"CODE_SIGN_IDENTITY[sdk=iphoneos*]" = "iPhone Developer";
				COPY_PHASE_STRIP = NO;
				DEBUG_INFORMATION_FORMAT = "dwarf-with-dsym";
				ENABLE_NS_ASSERTIONS = NO;
				ENABLE_STRICT_OBJC_MSGSEND = YES;
				GCC_C_LANGUAGE_STANDARD = gnu99;
				GCC_NO_COMMON_BLOCKS = YES;
				GCC_WARN_64_TO_32_BIT_CONVERSION = YES;
				GCC_WARN_ABOUT_RETURN_TYPE = YES_ERROR;
				GCC_WARN_UNDECLARED_SELECTOR = YES;
				GCC_WARN_UNINITIALIZED_AUTOS = YES_AGGRESSIVE;
				GCC_WARN_UNUSED_FUNCTION = YES;
				GCC_WARN_UNUSED_VARIABLE = YES;
				IPHONEOS_DEPLOYMENT_TARGET = 8.3;
				MTL_ENABLE_DEBUG_INFO = NO;
				SDKROOT = iphoneos;
				VALIDATE_PRODUCT = YES;
			};
			name = Release;
		};
		D8BB6BC11B02F8F8005D8480 /* Debug */ = {
			isa = XCBuildConfiguration;
			buildSettings = {
				ASSETCATALOG_COMPILER_APPICON_NAME = AppIcon;
				INFOPLIST_FILE = Scoutee/Info.plist;
				LD_RUNPATH_SEARCH_PATHS = "$(inherited) @executable_path/Frameworks";
				PRODUCT_NAME = "$(TARGET_NAME)";
			};
			name = Debug;
		};
		D8BB6BC21B02F8F8005D8480 /* Release */ = {
			isa = XCBuildConfiguration;
			buildSettings = {
				ASSETCATALOG_COMPILER_APPICON_NAME = AppIcon;
				INFOPLIST_FILE = Scoutee/Info.plist;
				LD_RUNPATH_SEARCH_PATHS = "$(inherited) @executable_path/Frameworks";
				PRODUCT_NAME = "$(TARGET_NAME)";
			};
			name = Release;
		};
		D8BB6BC41B02F8F8005D8480 /* Debug */ = {
			isa = XCBuildConfiguration;
			buildSettings = {
				BUNDLE_LOADER = "$(TEST_HOST)";
				FRAMEWORK_SEARCH_PATHS = (
					"$(SDKROOT)/Developer/Library/Frameworks",
					"$(inherited)",
				);
				GCC_PREPROCESSOR_DEFINITIONS = (
					"DEBUG=1",
					"$(inherited)",
				);
				INFOPLIST_FILE = ScouteeTests/Info.plist;
				LD_RUNPATH_SEARCH_PATHS = "$(inherited) @executable_path/Frameworks @loader_path/Frameworks";
				PRODUCT_NAME = "$(TARGET_NAME)";
				TEST_HOST = "$(BUILT_PRODUCTS_DIR)/Scoutee.app/Scoutee";
			};
			name = Debug;
		};
		D8BB6BC51B02F8F8005D8480 /* Release */ = {
			isa = XCBuildConfiguration;
			buildSettings = {
				BUNDLE_LOADER = "$(TEST_HOST)";
				FRAMEWORK_SEARCH_PATHS = (
					"$(SDKROOT)/Developer/Library/Frameworks",
					"$(inherited)",
				);
				INFOPLIST_FILE = ScouteeTests/Info.plist;
				LD_RUNPATH_SEARCH_PATHS = "$(inherited) @executable_path/Frameworks @loader_path/Frameworks";
				PRODUCT_NAME = "$(TARGET_NAME)";
				TEST_HOST = "$(BUILT_PRODUCTS_DIR)/Scoutee.app/Scoutee";
			};
			name = Release;
		};
/* End XCBuildConfiguration section */

/* Begin XCConfigurationList section */
		D8BB6B9C1B02F8F8005D8480 /* Build configuration list for PBXProject "Scoutee" */ = {
			isa = XCConfigurationList;
			buildConfigurations = (
				D8BB6BBE1B02F8F8005D8480 /* Debug */,
				D8BB6BBF1B02F8F8005D8480 /* Release */,
			);
			defaultConfigurationIsVisible = 0;
			defaultConfigurationName = Release;
		};
		D8BB6BC01B02F8F8005D8480 /* Build configuration list for PBXNativeTarget "Scoutee" */ = {
			isa = XCConfigurationList;
			buildConfigurations = (
				D8BB6BC11B02F8F8005D8480 /* Debug */,
				D8BB6BC21B02F8F8005D8480 /* Release */,
			);
			defaultConfigurationIsVisible = 0;
		};
		D8BB6BC31B02F8F8005D8480 /* Build configuration list for PBXNativeTarget "ScouteeTests" */ = {
			isa = XCConfigurationList;
			buildConfigurations = (
				D8BB6BC41B02F8F8005D8480 /* Debug */,
				D8BB6BC51B02F8F8005D8480 /* Release */,
			);
			defaultConfigurationIsVisible = 0;
		};
/* End XCConfigurationList section */
	};
	rootObject = D8BB6B991B02F8F8005D8480 /* Project object */;
}
